
Microsoft Visual Studio Solution File, Format Version 12.00
Project("{FAE04EC0-301F-11D3-BF4B-00C04F79EFBC}") = "Scanner", "Scanner\Scanner.csproj", "{14B58FFE-FBE2-48C1-B4A2-830434068E8F}"
EndProject
Project("{FAE04EC0-301F-11D3-BF4B-00C04F79EFBC}") = "Scanner.Benchmarks", "Scanner.Benchmarks\Scanner.Benchmarks.csproj", "{5D9E7C91-5550-4829-8D60-FAF45E7BA56F}"
EndProject
Project("{FAE04EC0-301F-11D3-BF4B-00C04F79EFBC}") = "Scanner.Tests", "Scanner.Tests\Scanner.Tests.csproj", "{93267BED-07D7-4E5C-8A27-AC31C13CCBC6}"
EndProject
Project("{FAE04EC0-301F-11D3-BF4B-00C04F79EFBC}") = "Scanner.SourceGenerator", "Scanner.SourceGenerator\Scanner.SourceGenerator.csproj", "{BD3F5CBB-8D0F-47F7-9B4A-891183B10F42}"
EndProject
Global
	GlobalSection(SolutionConfigurationPlatforms) = preSolution
		Debug|Any CPU = Debug|Any CPU
		Release|Any CPU = Release|Any CPU
	EndGlobalSection
	GlobalSection(ProjectConfigurationPlatforms) = postSolution
		{14B58FFE-FBE2-48C1-B4A2-830434068E8F}.Debug|Any CPU.ActiveCfg = Debug|Any CPU
		{14B58FFE-FBE2-48C1-B4A2-830434068E8F}.Debug|Any CPU.Build.0 = Debug|Any CPU
		{14B58FFE-FBE2-48C1-B4A2-830434068E8F}.Release|Any CPU.ActiveCfg = Release|Any CPU
		{14B58FFE-FBE2-48C1-B4A2-830434068E8F}.Release|Any CPU.Build.0 = Release|Any CPU
		{5D9E7C91-5550-4829-8D60-FAF45E7BA56F}.Debug|Any CPU.ActiveCfg = Debug|Any CPU
		{5D9E7C91-5550-4829-8D60-FAF45E7BA56F}.Debug|Any CPU.Build.0 = Debug|Any CPU
		{5D9E7C91-5550-4829-8D60-FAF45E7BA56F}.Release|Any CPU.ActiveCfg = Release|Any CPU
		{5D9E7C91-5550-4829-8D60-FAF45E7BA56F}.Release|Any CPU.Build.0 = Release|Any CPU
		{93267BED-07D7-4E5C-8A27-AC31C13CCBC6}.Debug|Any CPU.ActiveCfg = Debug|Any CPU
		{93267BED-07D7-4E5C-8A27-AC31C13CCBC6}.Debug|Any CPU.Build.0 = Debug|Any CPU
		{93267BED-07D7-4E5C-8A27-AC31C13CCBC6}.Release|Any CPU.ActiveCfg = Release|Any CPU
		{93267BED-07D7-4E5C-8A27-AC31C13CCBC6}.Release|Any CPU.Build.0 = Release|Any CPU
		{BD3F5CBB-8D0F-47F7-9B4A-891183B10F42}.Debug|Any CPU.ActiveCfg = Debug|Any CPU
		{BD3F5CBB-8D0F-47F7-9B4A-891183B10F42}.Debug|Any CPU.Build.0 = Debug|Any CPU
		{BD3F5CBB-8D0F-47F7-9B4A-891183B10F42}.Release|Any CPU.ActiveCfg = Release|Any CPU
		{BD3F5CBB-8D0F-47F7-9B4A-891183B10F42}.Release|Any CPU.Build.0 = Release|Any CPU
	EndGlobalSection
EndGlobal
